
Microsoft Visual Studio Solution File, Format Version 12.00
# Visual Studio Version 17
VisualStudioVersion = 17.14.36212.18
MinimumVisualStudioVersion = 10.0.40219.1
Project("{FAE04EC0-301F-11D3-BF4B-00C04F79EFBC}") = "learn+practice", "learn+practice\learn+practice.csproj", "{CD4A4B5B-9966-48E1-AAA4-D0F733201BE2}"
EndProject
Project("{FAE04EC0-301F-11D3-BF4B-00C04F79EFBC}") = "efcore_training", "efcore\efcore_training\efcore_training.csproj", "{9FE1BF6B-E762-4327-8EA0-4293E4E6E2F8}"
EndProject
Project("{FAE04EC0-301F-11D3-BF4B-00C04F79EFBC}") = "EntityModels", "EntityModels\EntityModels.csproj", "{3E2C3685-5FA0-4640-BD42-2E79EEA499C4}"
EndProject
Project("{FAE04EC0-301F-11D3-BF4B-00C04F79EFBC}") = "LinqWithObjects", "LinqWithObjects\LinqWithObjects.csproj", "{B1E55BB8-50C0-0ACD-4F84-E01CC1640DB1}"
EndProject
Project("{FAE04EC0-301F-11D3-BF4B-00C04F79EFBC}") = "LinqWithEFCore", "LinqWithEFCore\LinqWithEFCore.csproj", "{419A4C91-7B4B-41B1-926F-A83D79040126}"
EndProject
Global
	GlobalSection(SolutionConfigurationPlatforms) = preSolution
		Debug|Any CPU = Debug|Any CPU
		Release|Any CPU = Release|Any CPU
	EndGlobalSection
	GlobalSection(ProjectConfigurationPlatforms) = postSolution
		{CD4A4B5B-9966-48E1-AAA4-D0F733201BE2}.Debug|Any CPU.ActiveCfg = Debug|Any CPU
		{CD4A4B5B-9966-48E1-AAA4-D0F733201BE2}.Debug|Any CPU.Build.0 = Debug|Any CPU
		{CD4A4B5B-9966-48E1-AAA4-D0F733201BE2}.Release|Any CPU.ActiveCfg = Release|Any CPU
		{CD4A4B5B-9966-48E1-AAA4-D0F733201BE2}.Release|Any CPU.Build.0 = Release|Any CPU
		{9FE1BF6B-E762-4327-8EA0-4293E4E6E2F8}.Debug|Any CPU.ActiveCfg = Debug|Any CPU
		{9FE1BF6B-E762-4327-8EA0-4293E4E6E2F8}.Debug|Any CPU.Build.0 = Debug|Any CPU
		{9FE1BF6B-E762-4327-8EA0-4293E4E6E2F8}.Release|Any CPU.ActiveCfg = Release|Any CPU
		{9FE1BF6B-E762-4327-8EA0-4293E4E6E2F8}.Release|Any CPU.Build.0 = Release|Any CPU
		{3E2C3685-5FA0-4640-BD42-2E79EEA499C4}.Debug|Any CPU.ActiveCfg = Debug|Any CPU
		{3E2C3685-5FA0-4640-BD42-2E79EEA499C4}.Debug|Any CPU.Build.0 = Debug|Any CPU
		{3E2C3685-5FA0-4640-BD42-2E79EEA499C4}.Release|Any CPU.ActiveCfg = Release|Any CPU
		{3E2C3685-5FA0-4640-BD42-2E79EEA499C4}.Release|Any CPU.Build.0 = Release|Any CPU
		{B1E55BB8-50C0-0ACD-4F84-E01CC1640DB1}.Debug|Any CPU.ActiveCfg = Debug|Any CPU
		{B1E55BB8-50C0-0ACD-4F84-E01CC1640DB1}.Debug|Any CPU.Build.0 = Debug|Any CPU
		{B1E55BB8-50C0-0ACD-4F84-E01CC1640DB1}.Release|Any CPU.ActiveCfg = Release|Any CPU
		{B1E55BB8-50C0-0ACD-4F84-E01CC1640DB1}.Release|Any CPU.Build.0 = Release|Any CPU
		{419A4C91-7B4B-41B1-926F-A83D79040126}.Debug|Any CPU.ActiveCfg = Debug|Any CPU
		{419A4C91-7B4B-41B1-926F-A83D79040126}.Debug|Any CPU.Build.0 = Debug|Any CPU
		{419A4C91-7B4B-41B1-926F-A83D79040126}.Release|Any CPU.ActiveCfg = Release|Any CPU
		{419A4C91-7B4B-41B1-926F-A83D79040126}.Release|Any CPU.Build.0 = Release|Any CPU
	EndGlobalSection
	GlobalSection(SolutionProperties) = preSolution
		HideSolutionNode = FALSE
	EndGlobalSection
	GlobalSection(ExtensibilityGlobals) = postSolution
		SolutionGuid = {31F2EACA-71D3-462C-AE18-56355ECD4C88}
	EndGlobalSection
EndGlobal
